// !$*UTF8*$!
{
	archiveVersion = 1;
	classes = {
	};
	objectVersion = 50;
	objects = {

/* Begin PBXBuildFile section */
		2DEC733F2188706700009CAA /* AppDelegate.m in Sources */ = {isa = PBXBuildFile; fileRef = 2DEC733E2188706700009CAA /* AppDelegate.m */; };
		2DEC73422188706700009CAA /* ViewController.m in Sources */ = {isa = PBXBuildFile; fileRef = 2DEC73412188706700009CAA /* ViewController.m */; };
		2DEC73452188706700009CAA /* Main.storyboard in Resources */ = {isa = PBXBuildFile; fileRef = 2DEC73432188706700009CAA /* Main.storyboard */; };
		2DEC73472188706800009CAA /* Assets.xcassets in Resources */ = {isa = PBXBuildFile; fileRef = 2DEC73462188706800009CAA /* Assets.xcassets */; };
		2DEC734A2188706800009CAA /* LaunchScreen.storyboard in Resources */ = {isa = PBXBuildFile; fileRef = 2DEC73482188706800009CAA /* LaunchScreen.storyboard */; };
		2DEC734D2188706800009CAA /* main.m in Sources */ = {isa = PBXBuildFile; fileRef = 2DEC734C2188706800009CAA /* main.m */; };
		2DEC73572188706800009CAA /* VoiceAssistantWinnieTests.m in Sources */ = {isa = PBXBuildFile; fileRef = 2DEC73562188706800009CAA /* VoiceAssistantWinnieTests.m */; };
		2DEC73622188706800009CAA /* VoiceAssistantWinnieUITests.m in Sources */ = {isa = PBXBuildFile; fileRef = 2DEC73612188706800009CAA /* VoiceAssistantWinnieUITests.m */; };
		2DEC7376218871B600009CAA /* libz.tbd in Frameworks */ = {isa = PBXBuildFile; fileRef = 2DEC7375218871B600009CAA /* libz.tbd */; };
		2DEC7378218871C000009CAA /* AVFoundation.framework in Frameworks */ = {isa = PBXBuildFile; fileRef = 2DEC7377218871C000009CAA /* AVFoundation.framework */; };
		2DEC737A218871C700009CAA /* SystemConfiguration.framework in Frameworks */ = {isa = PBXBuildFile; fileRef = 2DEC7379218871C700009CAA /* SystemConfiguration.framework */; };
		2DEC737C218871D200009CAA /* Foundation.framework in Frameworks */ = {isa = PBXBuildFile; fileRef = 2DEC737B218871D200009CAA /* Foundation.framework */; };
		2DEC737E218871DC00009CAA /* CoreTelephony.framework in Frameworks */ = {isa = PBXBuildFile; fileRef = 2DEC737D218871DB00009CAA /* CoreTelephony.framework */; };
		2DEC7380218871E500009CAA /* AudioToolbox.framework in Frameworks */ = {isa = PBXBuildFile; fileRef = 2DEC737F218871E500009CAA /* AudioToolbox.framework */; };
		2DEC7382218871EE00009CAA /* UIKit.framework in Frameworks */ = {isa = PBXBuildFile; fileRef = 2DEC7381218871EE00009CAA /* UIKit.framework */; };
		2DEC7384218871F500009CAA /* CoreLocation.framework in Frameworks */ = {isa = PBXBuildFile; fileRef = 2DEC7383218871F500009CAA /* CoreLocation.framework */; };
		2DEC73862188720000009CAA /* Contacts.framework in Frameworks */ = {isa = PBXBuildFile; fileRef = 2DEC73852188720000009CAA /* Contacts.framework */; };
		2DEC73882188720900009CAA /* AddressBook.framework in Frameworks */ = {isa = PBXBuildFile; fileRef = 2DEC73872188720900009CAA /* AddressBook.framework */; };
		2DEC738A2188721400009CAA /* QuartzCore.framework in Frameworks */ = {isa = PBXBuildFile; fileRef = 2DEC73892188721400009CAA /* QuartzCore.framework */; };
		2DEC738C2188721C00009CAA /* CoreGraphics.framework in Frameworks */ = {isa = PBXBuildFile; fileRef = 2DEC738B2188721C00009CAA /* CoreGraphics.framework */; };
		2DEC738E2188722900009CAA /* libc++.tbd in Frameworks */ = {isa = PBXBuildFile; fileRef = 2DEC738D2188722900009CAA /* libc++.tbd */; };
		2DEC73902188750300009CAA /* iflyAIUI.framework in Frameworks */ = {isa = PBXBuildFile; fileRef = 2DEC738F2188750300009CAA /* iflyAIUI.framework */; };
		2DEC73922188751500009CAA /* iflyMSC.framework in Frameworks */ = {isa = PBXBuildFile; fileRef = 2DEC73912188751500009CAA /* iflyMSC.framework */; };
/* End PBXBuildFile section */

/* Begin PBXContainerItemProxy section */
		2DEC73532188706800009CAA /* PBXContainerItemProxy */ = {
			isa = PBXContainerItemProxy;
			containerPortal = 2DEC73322188706700009CAA /* Project object */;
			proxyType = 1;
			remoteGlobalIDString = 2DEC73392188706700009CAA;
			remoteInfo = VoiceAssistantWinnie;
		};
		2DEC735E2188706800009CAA /* PBXContainerItemProxy */ = {
			isa = PBXContainerItemProxy;
			containerPortal = 2DEC73322188706700009CAA /* Project object */;
			proxyType = 1;
			remoteGlobalIDString = 2DEC73392188706700009CAA;
			remoteInfo = VoiceAssistantWinnie;
		};
/* End PBXContainerItemProxy section */

/* Begin PBXFileReference section */
		2DEC733A2188706700009CAA /* VoiceAssistantWinnie.app */ = {isa = PBXFileReference; explicitFileType = wrapper.application; includeInIndex = 0; path = VoiceAssistantWinnie.app; sourceTree = BUILT_PRODUCTS_DIR; };
		2DEC733D2188706700009CAA /* AppDelegate.h */ = {isa = PBXFileReference; lastKnownFileType = sourcecode.c.h; path = AppDelegate.h; sourceTree = "<group>"; };
		2DEC733E2188706700009CAA /* AppDelegate.m */ = {isa = PBXFileReference; lastKnownFileType = sourcecode.c.objc; path = AppDelegate.m; sourceTree = "<group>"; };
		2DEC73402188706700009CAA /* ViewController.h */ = {isa = PBXFileReference; lastKnownFileType = sourcecode.c.h; path = ViewController.h; sourceTree = "<group>"; };
		2DEC73412188706700009CAA /* ViewController.m */ = {isa = PBXFileReference; lastKnownFileType = sourcecode.c.objc; path = ViewController.m; sourceTree = "<group>"; };
		2DEC73442188706700009CAA /* Base */ = {isa = PBXFileReference; lastKnownFileType = file.storyboard; name = Base; path = Base.lproj/Main.storyboard; sourceTree = "<group>"; };
		2DEC73462188706800009CAA /* Assets.xcassets */ = {isa = PBXFileReference; lastKnownFileType = folder.assetcatalog; path = Assets.xcassets; sourceTree = "<group>"; };
		2DEC73492188706800009CAA /* Base */ = {isa = PBXFileReference; lastKnownFileType = file.storyboard; name = Base; path = Base.lproj/LaunchScreen.storyboard; sourceTree = "<group>"; };
		2DEC734B2188706800009CAA /* Info.plist */ = {isa = PBXFileReference; lastKnownFileType = text.plist.xml; path = Info.plist; sourceTree = "<group>"; };
		2DEC734C2188706800009CAA /* main.m */ = {isa = PBXFileReference; lastKnownFileType = sourcecode.c.objc; path = main.m; sourceTree = "<group>"; };
		2DEC73522188706800009CAA /* VoiceAssistantWinnieTests.xctest */ = {isa = PBXFileReference; explicitFileType = wrapper.cfbundle; includeInIndex = 0; path = VoiceAssistantWinnieTests.xctest; sourceTree = BUILT_PRODUCTS_DIR; };
		2DEC73562188706800009CAA /* VoiceAssistantWinnieTests.m */ = {isa = PBXFileReference; lastKnownFileType = sourcecode.c.objc; path = VoiceAssistantWinnieTests.m; sourceTree = "<group>"; };
		2DEC73582188706800009CAA /* Info.plist */ = {isa = PBXFileReference; lastKnownFileType = text.plist.xml; path = Info.plist; sourceTree = "<group>"; };
		2DEC735D2188706800009CAA /* VoiceAssistantWinnieUITests.xctest */ = {isa = PBXFileReference; explicitFileType = wrapper.cfbundle; includeInIndex = 0; path = VoiceAssistantWinnieUITests.xctest; sourceTree = BUILT_PRODUCTS_DIR; };
		2DEC73612188706800009CAA /* VoiceAssistantWinnieUITests.m */ = {isa = PBXFileReference; lastKnownFileType = sourcecode.c.objc; path = VoiceAssistantWinnieUITests.m; sourceTree = "<group>"; };
		2DEC73632188706800009CAA /* Info.plist */ = {isa = PBXFileReference; lastKnownFileType = text.plist.xml; path = Info.plist; sourceTree = "<group>"; };
		2DEC7375218871B600009CAA /* libz.tbd */ = {isa = PBXFileReference; lastKnownFileType = "sourcecode.text-based-dylib-definition"; name = libz.tbd; path = usr/lib/libz.tbd; sourceTree = SDKROOT; };
		2DEC7377218871C000009CAA /* AVFoundation.framework */ = {isa = PBXFileReference; lastKnownFileType = wrapper.framework; name = AVFoundation.framework; path = System/Library/Frameworks/AVFoundation.framework; sourceTree = SDKROOT; };
		2DEC7379218871C700009CAA /* SystemConfiguration.framework */ = {isa = PBXFileReference; lastKnownFileType = wrapper.framework; name = SystemConfiguration.framework; path = System/Library/Frameworks/SystemConfiguration.framework; sourceTree = SDKROOT; };
		2DEC737B218871D200009CAA /* Foundation.framework */ = {isa = PBXFileReference; lastKnownFileType = wrapper.framework; name = Foundation.framework; path = System/Library/Frameworks/Foundation.framework; sourceTree = SDKROOT; };
		2DEC737D218871DB00009CAA /* CoreTelephony.framework */ = {isa = PBXFileReference; lastKnownFileType = wrapper.framework; name = CoreTelephony.framework; path = System/Library/Frameworks/CoreTelephony.framework; sourceTree = SDKROOT; };
		2DEC737F218871E500009CAA /* AudioToolbox.framework */ = {isa = PBXFileReference; lastKnownFileType = wrapper.framework; name = AudioToolbox.framework; path = System/Library/Frameworks/AudioToolbox.framework; sourceTree = SDKROOT; };
		2DEC7381218871EE00009CAA /* UIKit.framework */ = {isa = PBXFileReference; lastKnownFileType = wrapper.framework; name = UIKit.framework; path = System/Library/Frameworks/UIKit.framework; sourceTree = SDKROOT; };
		2DEC7383218871F500009CAA /* CoreLocation.framework */ = {isa = PBXFileReference; lastKnownFileType = wrapper.framework; name = CoreLocation.framework; path = System/Library/Frameworks/CoreLocation.framework; sourceTree = SDKROOT; };
		2DEC73852188720000009CAA /* Contacts.framework */ = {isa = PBXFileReference; lastKnownFileType = wrapper.framework; name = Contacts.framework; path = System/Library/Frameworks/Contacts.framework; sourceTree = SDKROOT; };
		2DEC73872188720900009CAA /* AddressBook.framework */ = {isa = PBXFileReference; lastKnownFileType = wrapper.framework; name = AddressBook.framework; path = System/Library/Frameworks/AddressBook.framework; sourceTree = SDKROOT; };
		2DEC73892188721400009CAA /* QuartzCore.framework */ = {isa = PBXFileReference; lastKnownFileType = wrapper.framework; name = QuartzCore.framework; path = System/Library/Frameworks/QuartzCore.framework; sourceTree = SDKROOT; };
		2DEC738B2188721C00009CAA /* CoreGraphics.framework */ = {isa = PBXFileReference; lastKnownFileType = wrapper.framework; name = CoreGraphics.framework; path = System/Library/Frameworks/CoreGraphics.framework; sourceTree = SDKROOT; };
		2DEC738D2188722900009CAA /* libc++.tbd */ = {isa = PBXFileReference; lastKnownFileType = "sourcecode.text-based-dylib-definition"; name = "libc++.tbd"; path = "usr/lib/libc++.tbd"; sourceTree = SDKROOT; };
		2DEC738F2188750300009CAA /* iflyAIUI.framework */ = {isa = PBXFileReference; lastKnownFileType = wrapper.framework; name = iflyAIUI.framework; path = VoiceAssistantWinnie/iflyAIUI.framework; sourceTree = "<group>"; };
		2DEC73912188751500009CAA /* iflyMSC.framework */ = {isa = PBXFileReference; lastKnownFileType = wrapper.framework; name = iflyMSC.framework; path = VoiceAssistantWinnie/iflyMSC.framework; sourceTree = "<group>"; };
/* End PBXFileReference section */

/* Begin PBXFrameworksBuildPhase section */
		2DEC73372188706700009CAA /* Frameworks */ = {
			isa = PBXFrameworksBuildPhase;
			buildActionMask = 2147483647;
			files = (
				2DEC73922188751500009CAA /* iflyMSC.framework in Frameworks */,
				2DEC73902188750300009CAA /* iflyAIUI.framework in Frameworks */,
				2DEC738E2188722900009CAA /* libc++.tbd in Frameworks */,
				2DEC738C2188721C00009CAA /* CoreGraphics.framework in Frameworks */,
				2DEC738A2188721400009CAA /* QuartzCore.framework in Frameworks */,
				2DEC73882188720900009CAA /* AddressBook.framework in Frameworks */,
				2DEC73862188720000009CAA /* Contacts.framework in Frameworks */,
				2DEC7384218871F500009CAA /* CoreLocation.framework in Frameworks */,
				2DEC7382218871EE00009CAA /* UIKit.framework in Frameworks */,
				2DEC7380218871E500009CAA /* AudioToolbox.framework in Frameworks */,
				2DEC737E218871DC00009CAA /* CoreTelephony.framework in Frameworks */,
				2DEC737C218871D200009CAA /* Foundation.framework in Frameworks */,
				2DEC737A218871C700009CAA /* SystemConfiguration.framework in Frameworks */,
				2DEC7378218871C000009CAA /* AVFoundation.framework in Frameworks */,
				2DEC7376218871B600009CAA /* libz.tbd in Frameworks */,
			);
			runOnlyForDeploymentPostprocessing = 0;
		};
		2DEC734F2188706800009CAA /* Frameworks */ = {
			isa = PBXFrameworksBuildPhase;
			buildActionMask = 2147483647;
			files = (
			);
			runOnlyForDeploymentPostprocessing = 0;
		};
		2DEC735A2188706800009CAA /* Frameworks */ = {
			isa = PBXFrameworksBuildPhase;
			buildActionMask = 2147483647;
			files = (
			);
			runOnlyForDeploymentPostprocessing = 0;
		};
/* End PBXFrameworksBuildPhase section */

/* Begin PBXGroup section */
		2DEC73312188706700009CAA = {
			isa = PBXGroup;
			children = (
				2DEC733C2188706700009CAA /* VoiceAssistantWinnie */,
				2DEC73552188706800009CAA /* VoiceAssistantWinnieTests */,
				2DEC73602188706800009CAA /* VoiceAssistantWinnieUITests */,
				2DEC733B2188706700009CAA /* Products */,
				2DEC7374218871B600009CAA /* Frameworks */,
			);
			sourceTree = "<group>";
		};
		2DEC733B2188706700009CAA /* Products */ = {
			isa = PBXGroup;
			children = (
				2DEC733A2188706700009CAA /* VoiceAssistantWinnie.app */,
				2DEC73522188706800009CAA /* VoiceAssistantWinnieTests.xctest */,
				2DEC735D2188706800009CAA /* VoiceAssistantWinnieUITests.xctest */,
			);
			name = Products;
			sourceTree = "<group>";
		};
		2DEC733C2188706700009CAA /* VoiceAssistantWinnie */ = {
			isa = PBXGroup;
			children = (
				2DEC733D2188706700009CAA /* AppDelegate.h */,
				2DEC733E2188706700009CAA /* AppDelegate.m */,
				2DEC73402188706700009CAA /* ViewController.h */,
				2DEC73412188706700009CAA /* ViewController.m */,
				2DEC73432188706700009CAA /* Main.storyboard */,
				2DEC73462188706800009CAA /* Assets.xcassets */,
				2DEC73482188706800009CAA /* LaunchScreen.storyboard */,
				2DEC734B2188706800009CAA /* Info.plist */,
				2DEC734C2188706800009CAA /* main.m */,
			);
			path = VoiceAssistantWinnie;
			sourceTree = "<group>";
		};
		2DEC73552188706800009CAA /* VoiceAssistantWinnieTests */ = {
			isa = PBXGroup;
			children = (
				2DEC73562188706800009CAA /* VoiceAssistantWinnieTests.m */,
				2DEC73582188706800009CAA /* Info.plist */,
			);
			path = VoiceAssistantWinnieTests;
			sourceTree = "<group>";
		};
		2DEC73602188706800009CAA /* VoiceAssistantWinnieUITests */ = {
			isa = PBXGroup;
			children = (
				2DEC73612188706800009CAA /* VoiceAssistantWinnieUITests.m */,
				2DEC73632188706800009CAA /* Info.plist */,
			);
			path = VoiceAssistantWinnieUITests;
			sourceTree = "<group>";
		};
		2DEC7374218871B600009CAA /* Frameworks */ = {
			isa = PBXGroup;
			children = (
				2DEC73912188751500009CAA /* iflyMSC.framework */,
				2DEC738F2188750300009CAA /* iflyAIUI.framework */,
				2DEC738D2188722900009CAA /* libc++.tbd */,
				2DEC738B2188721C00009CAA /* CoreGraphics.framework */,
				2DEC73892188721400009CAA /* QuartzCore.framework */,
				2DEC73872188720900009CAA /* AddressBook.framework */,
				2DEC73852188720000009CAA /* Contacts.framework */,
				2DEC7383218871F500009CAA /* CoreLocation.framework */,
				2DEC7381218871EE00009CAA /* UIKit.framework */,
				2DEC737F218871E500009CAA /* AudioToolbox.framework */,
				2DEC737D218871DB00009CAA /* CoreTelephony.framework */,
				2DEC737B218871D200009CAA /* Foundation.framework */,
				2DEC7379218871C700009CAA /* SystemConfiguration.framework */,
				2DEC7377218871C000009CAA /* AVFoundation.framework */,
				2DEC7375218871B600009CAA /* libz.tbd */,
			);
			name = Frameworks;
			sourceTree = "<group>";
		};
/* End PBXGroup section */

/* Begin PBXNativeTarget section */
		2DEC73392188706700009CAA /* VoiceAssistantWinnie */ = {
			isa = PBXNativeTarget;
			buildConfigurationList = 2DEC73662188706800009CAA /* Build configuration list for PBXNativeTarget "VoiceAssistantWinnie" */;
			buildPhases = (
				2DEC73362188706700009CAA /* Sources */,
				2DEC73372188706700009CAA /* Frameworks */,
				2DEC73382188706700009CAA /* Resources */,
			);
			buildRules = (
			);
			dependencies = (
			);
			name = VoiceAssistantWinnie;
			productName = VoiceAssistantWinnie;
			productReference = 2DEC733A2188706700009CAA /* VoiceAssistantWinnie.app */;
			productType = "com.apple.product-type.application";
		};
		2DEC73512188706800009CAA /* VoiceAssistantWinnieTests */ = {
			isa = PBXNativeTarget;
			buildConfigurationList = 2DEC73692188706800009CAA /* Build configuration list for PBXNativeTarget "VoiceAssistantWinnieTests" */;
			buildPhases = (
				2DEC734E2188706800009CAA /* Sources */,
				2DEC734F2188706800009CAA /* Frameworks */,
				2DEC73502188706800009CAA /* Resources */,
			);
			buildRules = (
			);
			dependencies = (
				2DEC73542188706800009CAA /* PBXTargetDependency */,
			);
			name = VoiceAssistantWinnieTests;
			productName = VoiceAssistantWinnieTests;
			productReference = 2DEC73522188706800009CAA /* VoiceAssistantWinnieTests.xctest */;
			productType = "com.apple.product-type.bundle.unit-test";
		};
		2DEC735C2188706800009CAA /* VoiceAssistantWinnieUITests */ = {
			isa = PBXNativeTarget;
			buildConfigurationList = 2DEC736C2188706800009CAA /* Build configuration list for PBXNativeTarget "VoiceAssistantWinnieUITests" */;
			buildPhases = (
				2DEC73592188706800009CAA /* Sources */,
				2DEC735A2188706800009CAA /* Frameworks */,
				2DEC735B2188706800009CAA /* Resources */,
			);
			buildRules = (
			);
			dependencies = (
				2DEC735F2188706800009CAA /* PBXTargetDependency */,
			);
			name = VoiceAssistantWinnieUITests;
			productName = VoiceAssistantWinnieUITests;
			productReference = 2DEC735D2188706800009CAA /* VoiceAssistantWinnieUITests.xctest */;
			productType = "com.apple.product-type.bundle.ui-testing";
		};
/* End PBXNativeTarget section */

/* Begin PBXProject section */
		2DEC73322188706700009CAA /* Project object */ = {
			isa = PBXProject;
			attributes = {
				LastUpgradeCheck = 1000;
				ORGANIZATIONNAME = Winnie;
				TargetAttributes = {
					2DEC73392188706700009CAA = {
						CreatedOnToolsVersion = 10.0;
					};
					2DEC73512188706800009CAA = {
						CreatedOnToolsVersion = 10.0;
						TestTargetID = 2DEC73392188706700009CAA;
					};
					2DEC735C2188706800009CAA = {
						CreatedOnToolsVersion = 10.0;
						TestTargetID = 2DEC73392188706700009CAA;
					};
				};
			};
			buildConfigurationList = 2DEC73352188706700009CAA /* Build configuration list for PBXProject "VoiceAssistantWinnie" */;
			compatibilityVersion = "Xcode 9.3";
			developmentRegion = en;
			hasScannedForEncodings = 0;
			knownRegions = (
				en,
				Base,
			);
			mainGroup = 2DEC73312188706700009CAA;
			productRefGroup = 2DEC733B2188706700009CAA /* Products */;
			projectDirPath = "";
			projectRoot = "";
			targets = (
				2DEC73392188706700009CAA /* VoiceAssistantWinnie */,
				2DEC73512188706800009CAA /* VoiceAssistantWinnieTests */,
				2DEC735C2188706800009CAA /* VoiceAssistantWinnieUITests */,
			);
		};
/* End PBXProject section */

/* Begin PBXResourcesBuildPhase section */
		2DEC73382188706700009CAA /* Resources */ = {
			isa = PBXResourcesBuildPhase;
			buildActionMask = 2147483647;
			files = (
				2DEC734A2188706800009CAA /* LaunchScreen.storyboard in Resources */,
				2DEC73472188706800009CAA /* Assets.xcassets in Resources */,
				2DEC73452188706700009CAA /* Main.storyboard in Resources */,
			);
			runOnlyForDeploymentPostprocessing = 0;
		};
		2DEC73502188706800009CAA /* Resources */ = {
			isa = PBXResourcesBuildPhase;
			buildActionMask = 2147483647;
			files = (
			);
			runOnlyForDeploymentPostprocessing = 0;
		};
		2DEC735B2188706800009CAA /* Resources */ = {
			isa = PBXResourcesBuildPhase;
			buildActionMask = 2147483647;
			files = (
			);
			runOnlyForDeploymentPostprocessing = 0;
		};
/* End PBXResourcesBuildPhase section */

/* Begin PBXSourcesBuildPhase section */
		2DEC73362188706700009CAA /* Sources */ = {
			isa = PBXSourcesBuildPhase;
			buildActionMask = 2147483647;
			files = (
				2DEC73422188706700009CAA /* ViewController.m in Sources */,
				2DEC734D2188706800009CAA /* main.m in Sources */,
				2DEC733F2188706700009CAA /* AppDelegate.m in Sources */,
			);
			runOnlyForDeploymentPostprocessing = 0;
		};
		2DEC734E2188706800009CAA /* Sources */ = {
			isa = PBXSourcesBuildPhase;
			buildActionMask = 2147483647;
			files = (
				2DEC73572188706800009CAA /* VoiceAssistantWinnieTests.m in Sources */,
			);
			runOnlyForDeploymentPostprocessing = 0;
		};
		2DEC73592188706800009CAA /* Sources */ = {
			isa = PBXSourcesBuildPhase;
			buildActionMask = 2147483647;
			files = (
				2DEC73622188706800009CAA /* VoiceAssistantWinnieUITests.m in Sources */,
			);
			runOnlyForDeploymentPostprocessing = 0;
		};
/* End PBXSourcesBuildPhase section */

/* Begin PBXTargetDependency section */
		2DEC73542188706800009CAA /* PBXTargetDependency */ = {
			isa = PBXTargetDependency;
			target = 2DEC73392188706700009CAA /* VoiceAssistantWinnie */;
			targetProxy = 2DEC73532188706800009CAA /* PBXContainerItemProxy */;
		};
		2DEC735F2188706800009CAA /* PBXTargetDependency */ = {
			isa = PBXTargetDependency;
			target = 2DEC73392188706700009CAA /* VoiceAssistantWinnie */;
			targetProxy = 2DEC735E2188706800009CAA /* PBXContainerItemProxy */;
		};
/* End PBXTargetDependency section */

/* Begin PBXVariantGroup section */
		2DEC73432188706700009CAA /* Main.storyboard */ = {
			isa = PBXVariantGroup;
			children = (
				2DEC73442188706700009CAA /* Base */,
			);
			name = Main.storyboard;
			sourceTree = "<group>";
		};
		2DEC73482188706800009CAA /* LaunchScreen.storyboard */ = {
			isa = PBXVariantGroup;
			children = (
				2DEC73492188706800009CAA /* Base */,
			);
			name = LaunchScreen.storyboard;
			sourceTree = "<group>";
		};
/* End PBXVariantGroup section */

/* Begin XCBuildConfiguration section */
		2DEC73642188706800009CAA /* Debug */ = {
			isa = XCBuildConfiguration;
			buildSettings = {
				ALWAYS_SEARCH_USER_PATHS = NO;
				CLANG_ANALYZER_NONNULL = YES;
				CLANG_ANALYZER_NUMBER_OBJECT_CONVERSION = YES_AGGRESSIVE;
				CLANG_CXX_LANGUAGE_STANDARD = "gnu++14";
				CLANG_CXX_LIBRARY = "libc++";
				CLANG_ENABLE_MODULES = YES;
				CLANG_ENABLE_OBJC_ARC = YES;
				CLANG_ENABLE_OBJC_WEAK = YES;
				CLANG_WARN_BLOCK_CAPTURE_AUTORELEASING = YES;
				CLANG_WARN_BOOL_CONVERSION = YES;
				CLANG_WARN_COMMA = YES;
				CLANG_WARN_CONSTANT_CONVERSION = YES;
				CLANG_WARN_DEPRECATED_OBJC_IMPLEMENTATIONS = YES;
				CLANG_WARN_DIRECT_OBJC_ISA_USAGE = YES_ERROR;
				CLANG_WARN_DOCUMENTATION_COMMENTS = YES;
				CLANG_WARN_EMPTY_BODY = YES;
				CLANG_WARN_ENUM_CONVERSION = YES;
				CLANG_WARN_INFINITE_RECURSION = YES;
				CLANG_WARN_INT_CONVERSION = YES;
				CLANG_WARN_NON_LITERAL_NULL_CONVERSION = YES;
				CLANG_WARN_OBJC_IMPLICIT_RETAIN_SELF = YES;
				CLANG_WARN_OBJC_LITERAL_CONVERSION = YES;
				CLANG_WARN_OBJC_ROOT_CLASS = YES_ERROR;
				CLANG_WARN_RANGE_LOOP_ANALYSIS = YES;
				CLANG_WARN_STRICT_PROTOTYPES = YES;
				CLANG_WARN_SUSPICIOUS_MOVE = YES;
				CLANG_WARN_UNGUARDED_AVAILABILITY = YES_AGGRESSIVE;
				CLANG_WARN_UNREACHABLE_CODE = YES;
				CLANG_WARN__DUPLICATE_METHOD_MATCH = YES;
				CODE_SIGN_IDENTITY = "iPhone Developer";
				COPY_PHASE_STRIP = NO;
				DEBUG_INFORMATION_FORMAT = dwarf;
				ENABLE_STRICT_OBJC_MSGSEND = YES;
				ENABLE_TESTABILITY = YES;
				GCC_C_LANGUAGE_STANDARD = gnu11;
				GCC_DYNAMIC_NO_PIC = NO;
				GCC_NO_COMMON_BLOCKS = YES;
				GCC_OPTIMIZATION_LEVEL = 0;
				GCC_PREPROCESSOR_DEFINITIONS = (
					"DEBUG=1",
					"$(inherited)",
				);
				GCC_WARN_64_TO_32_BIT_CONVERSION = YES;
				GCC_WARN_ABOUT_RETURN_TYPE = YES_ERROR;
				GCC_WARN_UNDECLARED_SELECTOR = YES;
				GCC_WARN_UNINITIALIZED_AUTOS = YES_AGGRESSIVE;
				GCC_WARN_UNUSED_FUNCTION = YES;
				GCC_WARN_UNUSED_VARIABLE = YES;
				IPHONEOS_DEPLOYMENT_TARGET = 12.0;
				MTL_ENABLE_DEBUG_INFO = INCLUDE_SOURCE;
				MTL_FAST_MATH = YES;
				ONLY_ACTIVE_ARCH = YES;
				SDKROOT = iphoneos;
			};
			name = Debug;
		};
		2DEC73652188706800009CAA /* Release */ = {
			isa = XCBuildConfiguration;
			buildSettings = {
				ALWAYS_SEARCH_USER_PATHS = NO;
				CLANG_ANALYZER_NONNULL = YES;
				CLANG_ANALYZER_NUMBER_OBJECT_CONVERSION = YES_AGGRESSIVE;
				CLANG_CXX_LANGUAGE_STANDARD = "gnu++14";
				CLANG_CXX_LIBRARY = "libc++";
				CLANG_ENABLE_MODULES = YES;
				CLANG_ENABLE_OBJC_ARC = YES;
				CLANG_ENABLE_OBJC_WEAK = YES;
				CLANG_WARN_BLOCK_CAPTURE_AUTORELEASING = YES;
				CLANG_WARN_BOOL_CONVERSION = YES;
				CLANG_WARN_COMMA = YES;
				CLANG_WARN_CONSTANT_CONVERSION = YES;
				CLANG_WARN_DEPRECATED_OBJC_IMPLEMENTATIONS = YES;
				CLANG_WARN_DIRECT_OBJC_ISA_USAGE = YES_ERROR;
				CLANG_WARN_DOCUMENTATION_COMMENTS = YES;
				CLANG_WARN_EMPTY_BODY = YES;
				CLANG_WARN_ENUM_CONVERSION = YES;
				CLANG_WARN_INFINITE_RECURSION = YES;
				CLANG_WARN_INT_CONVERSION = YES;
				CLANG_WARN_NON_LITERAL_NULL_CONVERSION = YES;
				CLANG_WARN_OBJC_IMPLICIT_RETAIN_SELF = YES;
				CLANG_WARN_OBJC_LITERAL_CONVERSION = YES;
				CLANG_WARN_OBJC_ROOT_CLASS = YES_ERROR;
				CLANG_WARN_RANGE_LOOP_ANALYSIS = YES;
				CLANG_WARN_STRICT_PROTOTYPES = YES;
				CLANG_WARN_SUSPICIOUS_MOVE = YES;
				CLANG_WARN_UNGUARDED_AVAILABILITY = YES_AGGRESSIVE;
				CLANG_WARN_UNREACHABLE_CODE = YES;
				CLANG_WARN__DUPLICATE_METHOD_MATCH = YES;
				CODE_SIGN_IDENTITY = "iPhone Developer";
				COPY_PHASE_STRIP = NO;
				DEBUG_INFORMATION_FORMAT = "dwarf-with-dsym";
				ENABLE_NS_ASSERTIONS = NO;
				ENABLE_STRICT_OBJC_MSGSEND = YES;
				GCC_C_LANGUAGE_STANDARD = gnu11;
				GCC_NO_COMMON_BLOCKS = YES;
				GCC_WARN_64_TO_32_BIT_CONVERSION = YES;
				GCC_WARN_ABOUT_RETURN_TYPE = YES_ERROR;
				GCC_WARN_UNDECLARED_SELECTOR = YES;
				GCC_WARN_UNINITIALIZED_AUTOS = YES_AGGRESSIVE;
				GCC_WARN_UNUSED_FUNCTION = YES;
				GCC_WARN_UNUSED_VARIABLE = YES;
				IPHONEOS_DEPLOYMENT_TARGET = 12.0;
				MTL_ENABLE_DEBUG_INFO = NO;
				MTL_FAST_MATH = YES;
				SDKROOT = iphoneos;
				VALIDATE_PRODUCT = YES;
			};
			name = Release;
		};
		2DEC73672188706800009CAA /* Debug */ = {
			isa = XCBuildConfiguration;
			buildSettings = {
				ASSETCATALOG_COMPILER_APPICON_NAME = AppIcon;
				CODE_SIGN_STYLE = Automatic;
				FRAMEWORK_SEARCH_PATHS = (
					"$(inherited)",
					"$(PROJECT_DIR)/VoiceAssistantWinnie/Third",
					"$(PROJECT_DIR)/VoiceAssistantWinnie",
				);
				INFOPLIST_FILE = VoiceAssistantWinnie/Info.plist;
				LD_RUNPATH_SEARCH_PATHS = (
					"$(inherited)",
					"@executable_path/Frameworks",
				);
				PRODUCT_BUNDLE_IDENTIFIER = com.winnieTest.VoiceAssistantWinnie;
				PRODUCT_NAME = "$(TARGET_NAME)";
				TARGETED_DEVICE_FAMILY = "1,2";
			};
			name = Debug;
		};
		2DEC73682188706800009CAA /* Release */ = {
			isa = XCBuildConfiguration;
			buildSettings = {
				ASSETCATALOG_COMPILER_APPICON_NAME = AppIcon;
				CODE_SIGN_STYLE = Automatic;
				FRAMEWORK_SEARCH_PATHS = (
					"$(inherited)",
					"$(PROJECT_DIR)/VoiceAssistantWinnie/Third",
					"$(PROJECT_DIR)/VoiceAssistantWinnie",
				);
				INFOPLIST_FILE = VoiceAssistantWinnie/Info.plist;
				LD_RUNPATH_SEARCH_PATHS = (
					"$(inherited)",
					"@executable_path/Frameworks",
				);
				PRODUCT_BUNDLE_IDENTIFIER = com.winnieTest.VoiceAssistantWinnie;
				PRODUCT_NAME = "$(TARGET_NAME)";
				TARGETED_DEVICE_FAMILY = "1,2";
			};
			name = Release;
		};
		2DEC736A2188706800009CAA /* Debug */ = {
			isa = XCBuildConfiguration;
			buildSettings = {
				BUNDLE_LOADER = "$(TEST_HOST)";
				CODE_SIGN_STYLE = Automatic;
				INFOPLIST_FILE = VoiceAssistantWinnieTests/Info.plist;
				LD_RUNPATH_SEARCH_PATHS = (
					"$(inherited)",
					"@executable_path/Frameworks",
					"@loader_path/Frameworks",
				);
				PRODUCT_BUNDLE_IDENTIFIER = com.winnieTest.VoiceAssistantWinnieTests;
				PRODUCT_NAME = "$(TARGET_NAME)";
				TARGETED_DEVICE_FAMILY = "1,2";
				TEST_HOST = "$(BUILT_PRODUCTS_DIR)/VoiceAssistantWinnie.app/VoiceAssistantWinnie";
			};
			name = Debug;
		};
		2DEC736B2188706800009CAA /* Release */ = {
			isa = XCBuildConfiguration;
			buildSettings = {
				BUNDLE_LOADER = "$(TEST_HOST)";
				CODE_SIGN_STYLE = Automatic;
				INFOPLIST_FILE = VoiceAssistantWinnieTests/Info.plist;
				LD_RUNPATH_SEARCH_PATHS = (
					"$(inherited)",
					"@executable_path/Frameworks",
					"@loader_path/Frameworks",
				);
				PRODUCT_BUNDLE_IDENTIFIER = com.winnieTest.VoiceAssistantWinnieTests;
				PRODUCT_NAME = "$(TARGET_NAME)";
				TARGETED_DEVICE_FAMILY = "1,2";
				TEST_HOST = "$(BUILT_PRODUCTS_DIR)/VoiceAssistantWinnie.app/VoiceAssistantWinnie";
			};
			name = Release;
		};
		2DEC736D2188706800009CAA /* Debug */ = {
			isa = XCBuildConfiguration;
			buildSettings = {
				CODE_SIGN_STYLE = Automatic;
				INFOPLIST_FILE = VoiceAssistantWinnieUITests/Info.plist;
				LD_RUNPATH_SEARCH_PATHS = (
					"$(inherited)",
					"@executable_path/Frameworks",
					"@loader_path/Frameworks",
				);
				PRODUCT_BUNDLE_IDENTIFIER = com.winnieTest.VoiceAssistantWinnieUITests;
				PRODUCT_NAME = "$(TARGET_NAME)";
				TARGETED_DEVICE_FAMILY = "1,2";
				TEST_TARGET_NAME = VoiceAssistantWinnie;
			};
			name = Debug;
		};
		2DEC736E2188706800009CAA /* Release */ = {
			isa = XCBuildConfiguration;
			buildSettings = {
				CODE_SIGN_STYLE = Automatic;
				INFOPLIST_FILE = VoiceAssistantWinnieUITests/Info.plist;
				LD_RUNPATH_SEARCH_PATHS = (
					"$(inherited)",
					"@executable_path/Frameworks",
					"@loader_path/Frameworks",
				);
				PRODUCT_BUNDLE_IDENTIFIER = com.winnieTest.VoiceAssistantWinnieUITests;
				PRODUCT_NAME = "$(TARGET_NAME)";
				TARGETED_DEVICE_FAMILY = "1,2";
				TEST_TARGET_NAME = VoiceAssistantWinnie;
			};
			name = Release;
		};
/* End XCBuildConfiguration section */

/* Begin XCConfigurationList section */
		2DEC73352188706700009CAA /* Build configuration list for PBXProject "VoiceAssistantWinnie" */ = {
			isa = XCConfigurationList;
			buildConfigurations = (
				2DEC73642188706800009CAA /* Debug */,
				2DEC73652188706800009CAA /* Release */,
			);
			defaultConfigurationIsVisible = 0;
			defaultConfigurationName = Release;
		};
		2DEC73662188706800009CAA /* Build configuration list for PBXNativeTarget "VoiceAssistantWinnie" */ = {
			isa = XCConfigurationList;
			buildConfigurations = (
				2DEC73672188706800009CAA /* Debug */,
				2DEC73682188706800009CAA /* Release */,
			);
			defaultConfigurationIsVisible = 0;
			defaultConfigurationName = Release;
		};
		2DEC73692188706800009CAA /* Build configuration list for PBXNativeTarget "VoiceAssistantWinnieTests" */ = {
			isa = XCConfigurationList;
			buildConfigurations = (
				2DEC736A2188706800009CAA /* Debug */,
				2DEC736B2188706800009CAA /* Release */,
			);
			defaultConfigurationIsVisible = 0;
			defaultConfigurationName = Release;
		};
		2DEC736C2188706800009CAA /* Build configuration list for PBXNativeTarget "VoiceAssistantWinnieUITests" */ = {
			isa = XCConfigurationList;
			buildConfigurations = (
				2DEC736D2188706800009CAA /* Debug */,
				2DEC736E2188706800009CAA /* Release */,
			);
			defaultConfigurationIsVisible = 0;
			defaultConfigurationName = Release;
		};
/* End XCConfigurationList section */
	};
	rootObject = 2DEC73322188706700009CAA /* Project object */;
}
